
Microsoft Visual Studio Solution File, Format Version 12.00
# Visual Studio Version 17
VisualStudioVersion = 17.2.32630.192
MinimumVisualStudioVersion = 10.0.40219.1
Project("{2150E333-8FDC-42A3-9474-1A3956D46DE8}") = "src", "src", "{4CADB5E4-0A55-450D-B76E-79151739E0CD}"
EndProject
Project("{2150E333-8FDC-42A3-9474-1A3956D46DE8}") = "Api", "Api", "{8492F424-4F69-4674-807D-C511668D6955}"
EndProject
Project("{2150E333-8FDC-42A3-9474-1A3956D46DE8}") = "Clients", "Clients", "{2AB7FBFB-413A-4D17-94DB-8213C373A777}"
EndProject
Project("{2150E333-8FDC-42A3-9474-1A3956D46DE8}") = "Common", "Common", "{ABFCB348-DDA9-4F5B-B816-8D1D5DA269DF}"
EndProject
Project("{2150E333-8FDC-42A3-9474-1A3956D46DE8}") = "Projections", "Projections", "{C90E05A8-189B-4D43-99E5-8DBC2FB03F9C}"
EndProject
Project("{FAE04EC0-301F-11D3-BF4B-00C04F79EFBC}") = "Common", "src\Common\Common\Common.csproj", "{C72AA989-A1F4-4EB7-9363-E40670A9BCD5}"
EndProject
Project("{2150E333-8FDC-42A3-9474-1A3956D46DE8}") = "Core", "Core", "{1FAAEC85-67E5-4742-9E92-3EFE8DBD39D3}"
EndProject
Project("{2150E333-8FDC-42A3-9474-1A3956D46DE8}") = "Infrastructure", "Infrastructure", "{BAE99AC0-B3ED-49BA-867D-B27C777E3CDF}"
EndProject
Project("{2150E333-8FDC-42A3-9474-1A3956D46DE8}") = "WebApi", "WebApi", "{DE191764-FADB-4EC8-9E11-98A27735F1A8}"
EndProject
Project("{FAE04EC0-301F-11D3-BF4B-00C04F79EFBC}") = "Api.Core.Domain", "src\Api\Core\Api.Domain\Api.Core.Domain.csproj", "{EC499E27-6ED2-4E7E-BC7B-1097F7F27958}"
EndProject
Project("{FAE04EC0-301F-11D3-BF4B-00C04F79EFBC}") = "Api.Core.Application", "src\Api\Core\Api.Application\Api.Core.Application.csproj", "{DE9DE2C3-5C8A-41F9-96A3-7666A645ECB2}"
EndProject
Project("{FAE04EC0-301F-11D3-BF4B-00C04F79EFBC}") = "Api.Infrastructure.Persistence", "src\Api\Infrastructure\Api.Infrastructure.Persistence\Api.Infrastructure.Persistence.csproj", "{942BE15C-9B22-49C4-BA7E-BA546A96C0E9}"
EndProject
Project("{FAE04EC0-301F-11D3-BF4B-00C04F79EFBC}") = "Api.WebApi", "src\Api\WebApi\Api.WebApi\Api.WebApi.csproj", "{8B61185B-5AE4-4107-B5A3-72E7DAC43731}"
EndProject
Project("{FAE04EC0-301F-11D3-BF4B-00C04F79EFBC}") = "Projections.FavoriteService", "src\Projections\Projections.FavoriteService\Projections.FavoriteService.csproj", "{F01297A2-1BA4-464E-BF33-AE7743BB69CA}"
EndProject
Project("{FAE04EC0-301F-11D3-BF4B-00C04F79EFBC}") = "Projections.VoteService", "src\Projections\Projections.VoteService\Projections.VoteService.csproj", "{12A50385-E505-4E09-B6A7-30B52C37D862}"
EndProject
Project("{FAE04EC0-301F-11D3-BF4B-00C04F79EFBC}") = "Projections.UserService", "src\Projections\Projections.UserService\Projections.UserService.csproj", "{C54F3EBF-5E5F-401D-8A0F-085530485776}"
EndProject
Project("{2150E333-8FDC-42A3-9474-1A3956D46DE8}") = "BlazorWeb", "BlazorWeb", "{DBD919DE-FDA7-4AF7-B728-3E3D535B0BFE}"
EndProject
Project("{FAE04EC0-301F-11D3-BF4B-00C04F79EFBC}") = "Clients.BlazorWeb.WebApp", "src\Clients\BlazorWeb\Clients.BlazorWeb.WebApp\Clients.BlazorWeb.WebApp.csproj", "{47AD809F-0505-46A1-8438-049BC07EFE1C}"
EndProject
Global
	GlobalSection(SolutionConfigurationPlatforms) = preSolution
		Debug|Any CPU = Debug|Any CPU
		Release|Any CPU = Release|Any CPU
	EndGlobalSection
	GlobalSection(ProjectConfigurationPlatforms) = postSolution
		{C72AA989-A1F4-4EB7-9363-E40670A9BCD5}.Debug|Any CPU.ActiveCfg = Debug|Any CPU
		{C72AA989-A1F4-4EB7-9363-E40670A9BCD5}.Debug|Any CPU.Build.0 = Debug|Any CPU
		{C72AA989-A1F4-4EB7-9363-E40670A9BCD5}.Release|Any CPU.ActiveCfg = Release|Any CPU
		{C72AA989-A1F4-4EB7-9363-E40670A9BCD5}.Release|Any CPU.Build.0 = Release|Any CPU
		{EC499E27-6ED2-4E7E-BC7B-1097F7F27958}.Debug|Any CPU.ActiveCfg = Debug|Any CPU
		{EC499E27-6ED2-4E7E-BC7B-1097F7F27958}.Debug|Any CPU.Build.0 = Debug|Any CPU
		{EC499E27-6ED2-4E7E-BC7B-1097F7F27958}.Release|Any CPU.ActiveCfg = Release|Any CPU
		{EC499E27-6ED2-4E7E-BC7B-1097F7F27958}.Release|Any CPU.Build.0 = Release|Any CPU
		{DE9DE2C3-5C8A-41F9-96A3-7666A645ECB2}.Debug|Any CPU.ActiveCfg = Debug|Any CPU
		{DE9DE2C3-5C8A-41F9-96A3-7666A645ECB2}.Debug|Any CPU.Build.0 = Debug|Any CPU
		{DE9DE2C3-5C8A-41F9-96A3-7666A645ECB2}.Release|Any CPU.ActiveCfg = Release|Any CPU
		{DE9DE2C3-5C8A-41F9-96A3-7666A645ECB2}.Release|Any CPU.Build.0 = Release|Any CPU
		{942BE15C-9B22-49C4-BA7E-BA546A96C0E9}.Debug|Any CPU.ActiveCfg = Debug|Any CPU
		{942BE15C-9B22-49C4-BA7E-BA546A96C0E9}.Debug|Any CPU.Build.0 = Debug|Any CPU
		{942BE15C-9B22-49C4-BA7E-BA546A96C0E9}.Release|Any CPU.ActiveCfg = Release|Any CPU
		{942BE15C-9B22-49C4-BA7E-BA546A96C0E9}.Release|Any CPU.Build.0 = Release|Any CPU
		{8B61185B-5AE4-4107-B5A3-72E7DAC43731}.Debug|Any CPU.ActiveCfg = Debug|Any CPU
		{8B61185B-5AE4-4107-B5A3-72E7DAC43731}.Debug|Any CPU.Build.0 = Debug|Any CPU
		{8B61185B-5AE4-4107-B5A3-72E7DAC43731}.Release|Any CPU.ActiveCfg = Release|Any CPU
		{8B61185B-5AE4-4107-B5A3-72E7DAC43731}.Release|Any CPU.Build.0 = Release|Any CPU
		{F01297A2-1BA4-464E-BF33-AE7743BB69CA}.Debug|Any CPU.ActiveCfg = Debug|Any CPU
		{F01297A2-1BA4-464E-BF33-AE7743BB69CA}.Debug|Any CPU.Build.0 = Debug|Any CPU
		{F01297A2-1BA4-464E-BF33-AE7743BB69CA}.Release|Any CPU.ActiveCfg = Release|Any CPU
		{F01297A2-1BA4-464E-BF33-AE7743BB69CA}.Release|Any CPU.Build.0 = Release|Any CPU
		{12A50385-E505-4E09-B6A7-30B52C37D862}.Debug|Any CPU.ActiveCfg = Debug|Any CPU
		{12A50385-E505-4E09-B6A7-30B52C37D862}.Debug|Any CPU.Build.0 = Debug|Any CPU
		{12A50385-E505-4E09-B6A7-30B52C37D862}.Release|Any CPU.ActiveCfg = Release|Any CPU
		{12A50385-E505-4E09-B6A7-30B52C37D862}.Release|Any CPU.Build.0 = Release|Any CPU
		{C54F3EBF-5E5F-401D-8A0F-085530485776}.Debug|Any CPU.ActiveCfg = Debug|Any CPU
		{C54F3EBF-5E5F-401D-8A0F-085530485776}.Debug|Any CPU.Build.0 = Debug|Any CPU
		{C54F3EBF-5E5F-401D-8A0F-085530485776}.Release|Any CPU.ActiveCfg = Release|Any CPU
		{C54F3EBF-5E5F-401D-8A0F-085530485776}.Release|Any CPU.Build.0 = Release|Any CPU
		{47AD809F-0505-46A1-8438-049BC07EFE1C}.Debug|Any CPU.ActiveCfg = Debug|Any CPU
		{47AD809F-0505-46A1-8438-049BC07EFE1C}.Debug|Any CPU.Build.0 = Debug|Any CPU
		{47AD809F-0505-46A1-8438-049BC07EFE1C}.Release|Any CPU.ActiveCfg = Release|Any CPU
		{47AD809F-0505-46A1-8438-049BC07EFE1C}.Release|Any CPU.Build.0 = Release|Any CPU
	EndGlobalSection
	GlobalSection(SolutionProperties) = preSolution
		HideSolutionNode = FALSE
	EndGlobalSection
	GlobalSection(NestedProjects) = preSolution
		{8492F424-4F69-4674-807D-C511668D6955} = {4CADB5E4-0A55-450D-B76E-79151739E0CD}
		{2AB7FBFB-413A-4D17-94DB-8213C373A777} = {4CADB5E4-0A55-450D-B76E-79151739E0CD}
		{ABFCB348-DDA9-4F5B-B816-8D1D5DA269DF} = {4CADB5E4-0A55-450D-B76E-79151739E0CD}
		{C90E05A8-189B-4D43-99E5-8DBC2FB03F9C} = {4CADB5E4-0A55-450D-B76E-79151739E0CD}
		{C72AA989-A1F4-4EB7-9363-E40670A9BCD5} = {ABFCB348-DDA9-4F5B-B816-8D1D5DA269DF}
		{1FAAEC85-67E5-4742-9E92-3EFE8DBD39D3} = {8492F424-4F69-4674-807D-C511668D6955}
		{BAE99AC0-B3ED-49BA-867D-B27C777E3CDF} = {8492F424-4F69-4674-807D-C511668D6955}
		{DE191764-FADB-4EC8-9E11-98A27735F1A8} = {8492F424-4F69-4674-807D-C511668D6955}
		{EC499E27-6ED2-4E7E-BC7B-1097F7F27958} = {1FAAEC85-67E5-4742-9E92-3EFE8DBD39D3}
		{DE9DE2C3-5C8A-41F9-96A3-7666A645ECB2} = {1FAAEC85-67E5-4742-9E92-3EFE8DBD39D3}
		{942BE15C-9B22-49C4-BA7E-BA546A96C0E9} = {BAE99AC0-B3ED-49BA-867D-B27C777E3CDF}
		{8B61185B-5AE4-4107-B5A3-72E7DAC43731} = {DE191764-FADB-4EC8-9E11-98A27735F1A8}
		{F01297A2-1BA4-464E-BF33-AE7743BB69CA} = {C90E05A8-189B-4D43-99E5-8DBC2FB03F9C}
		{12A50385-E505-4E09-B6A7-30B52C37D862} = {C90E05A8-189B-4D43-99E5-8DBC2FB03F9C}
		{C54F3EBF-5E5F-401D-8A0F-085530485776} = {C90E05A8-189B-4D43-99E5-8DBC2FB03F9C}
		{DBD919DE-FDA7-4AF7-B728-3E3D535B0BFE} = {2AB7FBFB-413A-4D17-94DB-8213C373A777}
		{47AD809F-0505-46A1-8438-049BC07EFE1C} = {DBD919DE-FDA7-4AF7-B728-3E3D535B0BFE}
	EndGlobalSection
	GlobalSection(ExtensibilityGlobals) = postSolution
		SolutionGuid = {EE338065-ED98-4C5C-A75B-BF145B22BE8B}
	EndGlobalSection
EndGlobal
